
Microsoft Visual Studio Solution File, Format Version 12.00
# Visual Studio Version 16
VisualStudioVersion = 16.0.31019.35
MinimumVisualStudioVersion = 10.0.40219.1
Project("{9A19103F-16F7-4668-BE54-9A1E7A4F7556}") = "Betfair.Api.Contracts", "Betfair.Api.Contracts\Betfair.Api.Contracts.csproj", "{0717B57B-98E2-4AE6-AD3D-09E7BE632A39}"
EndProject
Project("{2150E333-8FDC-42A3-9474-1A3956D46DE8}") = "Solution Items", "Solution Items", "{935404A4-E040-43A1-BFB3-57C5E9B7A422}"
	ProjectSection(SolutionItems) = preProject
		.editorconfig = .editorconfig
	EndProjectSection
EndProject
Global
	GlobalSection(SolutionConfigurationPlatforms) = preSolution
		Debug|Any CPU = Debug|Any CPU
		Release|Any CPU = Release|Any CPU
	EndGlobalSection
	GlobalSection(ProjectConfigurationPlatforms) = postSolution
		{0717B57B-98E2-4AE6-AD3D-09E7BE632A39}.Debug|Any CPU.ActiveCfg = Debug|Any CPU
		{0717B57B-98E2-4AE6-AD3D-09E7BE632A39}.Debug|Any CPU.Build.0 = Debug|Any CPU
		{0717B57B-98E2-4AE6-AD3D-09E7BE632A39}.Release|Any CPU.ActiveCfg = Release|Any CPU
		{0717B57B-98E2-4AE6-AD3D-09E7BE632A39}.Release|Any CPU.Build.0 = Release|Any CPU
	EndGlobalSection
	GlobalSection(SolutionProperties) = preSolution
		HideSolutionNode = FALSE
	EndGlobalSection
	GlobalSection(ExtensibilityGlobals) = postSolution
		SolutionGuid = {A667D648-D928-4F0E-BC46-40D4FB18D22C}
	EndGlobalSection
EndGlobal
